# -------------------------------------------------------------------------- #
#
# Copyright (C) 2021  Intel Corporation. All rights reserved.
# Your use of Intel Corporation's design tools, logic functions 
# and other software and tools, and any partner logic 
# functions, and any output files from any of the foregoing 
# (including device programming or simulation files), and any 
# associated documentation or information are expressly subject 
# to the terms and conditions of the Intel Program License 
# Subscription Agreement, the Intel Quartus Prime License Agreement,
# the Intel FPGA IP License Agreement, or other applicable license
# agreement, including, without limitation, that your use is for
# the sole purpose of programming logic devices manufactured by
# Intel and sold by Intel or its authorized distributors.  Please
# refer to the applicable agreement for further details, at
# https://fpgasoftware.intel.com/eula.
#
# -------------------------------------------------------------------------- #
#
# Quartus Prime
# Version 21.1.0 Build 842 10/21/2021 SJ Lite Edition
# Date created = 15:01:44  октября 17, 2022
#
# -------------------------------------------------------------------------- #
#
# Notes:
#
# 1) The default values for assignments are stored in the file:
#		Test_3_assignment_defaults.qdf
#    If this file doesn't exist, see file:
#		assignment_defaults.qdf
#
# 2) Intel recommends that you do not modify this file. This
#    file is updated automatically by the Quartus Prime software
#    and any changes you make may be lost or overwritten.
#
# -------------------------------------------------------------------------- #


set_global_assignment -name FAMILY "MAX 10"
set_global_assignment -name DEVICE 10M08DAF484C8G
set_global_assignment -name TOP_LEVEL_ENTITY all_blocks
set_global_assignment -name ORIGINAL_QUARTUS_VERSION 21.1.0
set_global_assignment -name PROJECT_CREATION_TIME_DATE "15:01:44  октября 17, 2022"
set_global_assignment -name LAST_QUARTUS_VERSION "21.1.0 Lite Edition"
set_global_assignment -name PROJECT_OUTPUT_DIRECTORY output_files
set_global_assignment -name MIN_CORE_JUNCTION_TEMP 0
set_global_assignment -name MAX_CORE_JUNCTION_TEMP 85
set_global_assignment -name ERROR_CHECK_FREQUENCY_DIVISOR 256
set_global_assignment -name POWER_PRESET_COOLING_SOLUTION "23 MM HEAT SINK WITH 200 LFPM AIRFLOW"
set_global_assignment -name POWER_BOARD_THERMAL_MODEL "NONE (CONSERVATIVE)"
set_global_assignment -name EDA_SIMULATION_TOOL "Questa Intel FPGA (Verilog)"
set_global_assignment -name EDA_TIME_SCALE "1 ps" -section_id eda_simulation
set_global_assignment -name EDA_OUTPUT_DATA_FORMAT "VERILOG HDL" -section_id eda_simulation
set_global_assignment -name EDA_TEST_BENCH_ENABLE_STATUS TEST_BENCH_MODE -section_id eda_simulation
set_global_assignment -name EDA_NATIVELINK_SIMULATION_TEST_BENCH all_blocks_testbench -section_id eda_simulation
set_global_assignment -name EDA_TEST_BENCH_NAME RAM_testbench -section_id eda_simulation
set_global_assignment -name EDA_DESIGN_INSTANCE_NAME NA -section_id RAM_testbench
set_global_assignment -name EDA_TEST_BENCH_MODULE_NAME RAM_testbench -section_id RAM_testbench
set_global_assignment -name TIMING_ANALYZER_MULTICORNER_ANALYSIS ON
set_global_assignment -name NUM_PARALLEL_PROCESSORS ALL
set_global_assignment -name EDA_TEST_BENCH_NAME buffer_testbench -section_id eda_simulation
set_global_assignment -name EDA_DESIGN_INSTANCE_NAME NA -section_id buffer_testbench
set_global_assignment -name EDA_TEST_BENCH_MODULE_NAME buffer_testbench -section_id buffer_testbench
set_global_assignment -name EDA_TEST_BENCH_NAME ROM_testbench -section_id eda_simulation
set_global_assignment -name EDA_DESIGN_INSTANCE_NAME NA -section_id ROM_testbench
set_global_assignment -name EDA_TEST_BENCH_MODULE_NAME ROM_testbench -section_id ROM_testbench
set_global_assignment -name EDA_TEST_BENCH_NAME all_blocks_testbench -section_id eda_simulation
set_global_assignment -name EDA_DESIGN_INSTANCE_NAME NA -section_id all_blocks_testbench
set_global_assignment -name EDA_TEST_BENCH_MODULE_NAME all_blocks_testbench -section_id all_blocks_testbench
set_global_assignment -name EDA_TEST_BENCH_NAME wire_hz_testbench -section_id eda_simulation
set_global_assignment -name EDA_DESIGN_INSTANCE_NAME NA -section_id wire_hz_testbench
set_global_assignment -name EDA_TEST_BENCH_MODULE_NAME wire_hz_testbench -section_id wire_hz_testbench
set_global_assignment -name EDA_TEST_BENCH_NAME bidir_buffer_testbench -section_id eda_simulation
set_global_assignment -name EDA_DESIGN_INSTANCE_NAME NA -section_id bidir_buffer_testbench
set_global_assignment -name EDA_TEST_BENCH_MODULE_NAME bidir_buffer_testbench -section_id bidir_buffer_testbench
set_global_assignment -name VERILOG_TEST_BENCH_FILE src_testbenches/ROM_testbench.v
set_global_assignment -name VERILOG_TEST_BENCH_FILE src_testbenches/RAM_testbench.v
set_global_assignment -name VERILOG_TEST_BENCH_FILE src_testbenches/wire_hz_testbench.v
set_global_assignment -name VERILOG_INCLUDE_FILE src/wire_hz.v
set_global_assignment -name VERILOG_TEST_BENCH_FILE src_testbenches/buffer_testbench.v
set_global_assignment -name VERILOG_INCLUDE_FILE src/buffer.v
set_global_assignment -name VERILOG_INCLUDE_FILE src/RAM.v
set_global_assignment -name VERILOG_INCLUDE_FILE src/ROM.v
set_global_assignment -name VERILOG_TEST_BENCH_FILE src_testbenches/all_blocks_testbench.v
set_global_assignment -name VERILOG_TEST_BENCH_FILE src_testbenches/bidir_buffer_testbench.v
set_global_assignment -name VERILOG_FILE src/all_blocks.v
set_global_assignment -name PARTITION_NETLIST_TYPE SOURCE -section_id Top
set_global_assignment -name PARTITION_FITTER_PRESERVATION_LEVEL PLACEMENT_AND_ROUTING -section_id Top
set_global_assignment -name PARTITION_COLOR 16764057 -section_id Top
set_global_assignment -name EDA_TEST_BENCH_FILE src_testbenches/RAM_testbench.v -section_id RAM_testbench
set_global_assignment -name EDA_TEST_BENCH_FILE src_testbenches/buffer_testbench.v -section_id buffer_testbench
set_global_assignment -name EDA_TEST_BENCH_FILE src_testbenches/ROM_testbench.v -section_id ROM_testbench
set_global_assignment -name EDA_TEST_BENCH_FILE src_testbenches/all_blocks_testbench.v -section_id all_blocks_testbench
set_global_assignment -name EDA_TEST_BENCH_FILE src_testbenches/wire_hz_testbench.v -section_id wire_hz_testbench
set_global_assignment -name EDA_TEST_BENCH_FILE src_testbenches/bidir_buffer_testbench.v -section_id bidir_buffer_testbench
set_instance_assignment -name PARTITION_HIERARCHY root_partition -to | -section_id Top